
Microsoft Visual Studio Solution File, Format Version 12.00
# Visual Studio Version 17
VisualStudioVersion = 17.9.34607.119
MinimumVisualStudioVersion = 10.0.40219.1
Project("{9A19103F-16F7-4668-BE54-9A1E7A4F7556}") = "Abesto.MediaToolKit.API", "AbestoMediaToolKit\Abesto.MediaToolKit.API.csproj", "{18D3E613-6C7B-4008-8670-526F2B901C65}"
EndProject
Project("{9A19103F-16F7-4668-BE54-9A1E7A4F7556}") = "Abesto.MediaToolKit.Tests", "Abesto.MediaToolKit.Tests\Abesto.MediaToolKit.Tests.csproj", "{209EB2D2-C439-48BA-B840-3FBB7D3D1499}"
EndProject
Project("{9A19103F-16F7-4668-BE54-9A1E7A4F7556}") = "Abesto.MediaToolKit.Functions", "Abesto.MediaToolKit.Functions\Abesto.MediaToolKit.Functions.csproj", "{848E8E62-83C7-488C-B072-8912B309B343}"
EndProject
Global
	GlobalSection(SolutionConfigurationPlatforms) = preSolution
		Debug|Any CPU = Debug|Any CPU
		Release|Any CPU = Release|Any CPU
	EndGlobalSection
	GlobalSection(ProjectConfigurationPlatforms) = postSolution
		{18D3E613-6C7B-4008-8670-526F2B901C65}.Debug|Any CPU.ActiveCfg = Debug|Any CPU
		{18D3E613-6C7B-4008-8670-526F2B901C65}.Debug|Any CPU.Build.0 = Debug|Any CPU
		{18D3E613-6C7B-4008-8670-526F2B901C65}.Release|Any CPU.ActiveCfg = Release|Any CPU
		{18D3E613-6C7B-4008-8670-526F2B901C65}.Release|Any CPU.Build.0 = Release|Any CPU
		{209EB2D2-C439-48BA-B840-3FBB7D3D1499}.Debug|Any CPU.ActiveCfg = Debug|Any CPU
		{209EB2D2-C439-48BA-B840-3FBB7D3D1499}.Debug|Any CPU.Build.0 = Debug|Any CPU
		{209EB2D2-C439-48BA-B840-3FBB7D3D1499}.Release|Any CPU.ActiveCfg = Release|Any CPU
		{209EB2D2-C439-48BA-B840-3FBB7D3D1499}.Release|Any CPU.Build.0 = Release|Any CPU
		{848E8E62-83C7-488C-B072-8912B309B343}.Debug|Any CPU.ActiveCfg = Debug|Any CPU
		{848E8E62-83C7-488C-B072-8912B309B343}.Debug|Any CPU.Build.0 = Debug|Any CPU
		{848E8E62-83C7-488C-B072-8912B309B343}.Release|Any CPU.ActiveCfg = Release|Any CPU
		{848E8E62-83C7-488C-B072-8912B309B343}.Release|Any CPU.Build.0 = Release|Any CPU
	EndGlobalSection
	GlobalSection(SolutionProperties) = preSolution
		HideSolutionNode = FALSE
	EndGlobalSection
	GlobalSection(ExtensibilityGlobals) = postSolution
		SolutionGuid = {E5E5A2D6-A4FC-458F-955F-B6790B092CC7}
	EndGlobalSection
EndGlobal
